// !$*UTF8*$!
{
	archiveVersion = 1;
	classes = {
	};
	objectVersion = 48;
	objects = {

/* Begin PBXBuildFile section */
		5C1812842090AFF2000A0EF7 /* TableExampleViewController.swift in Sources */ = {isa = PBXBuildFile; fileRef = 5C1812832090AFF2000A0EF7 /* TableExampleViewController.swift */; };
		5C1812872090B590000A0EF7 /* TableViewExampleCell.xib in Resources */ = {isa = PBXBuildFile; fileRef = 5C1812862090B590000A0EF7 /* TableViewExampleCell.xib */; };
		5C1812892090B630000A0EF7 /* TableViewExampleCell.swift in Sources */ = {isa = PBXBuildFile; fileRef = 5C1812882090B630000A0EF7 /* TableViewExampleCell.swift */; };
		5C18128C2090C1CE000A0EF7 /* UITableViewExtensions.swift in Sources */ = {isa = PBXBuildFile; fileRef = 5C18128B2090C1CE000A0EF7 /* UITableViewExtensions.swift */; };
		5C4956E62085256100403338 /* MatrixTestableProtocol.swift in Sources */ = {isa = PBXBuildFile; fileRef = 5C4956E52085256100403338 /* MatrixTestableProtocol.swift */; };
		5C83B6D1207E638300E8BC31 /* AppDelegate.swift in Sources */ = {isa = PBXBuildFile; fileRef = 5C83B6D0207E638300E8BC31 /* AppDelegate.swift */; };
		5C83B6D3207E638300E8BC31 /* AutoLayoutViewController.swift in Sources */ = {isa = PBXBuildFile; fileRef = 5C83B6D2207E638300E8BC31 /* AutoLayoutViewController.swift */; };
		5C83B6D6207E638300E8BC31 /* Main.storyboard in Resources */ = {isa = PBXBuildFile; fileRef = 5C83B6D4207E638300E8BC31 /* Main.storyboard */; };
		5C83B6D8207E638300E8BC31 /* Assets.xcassets in Resources */ = {isa = PBXBuildFile; fileRef = 5C83B6D7207E638300E8BC31 /* Assets.xcassets */; };
		5C83B6DB207E638300E8BC31 /* LaunchScreen.storyboard in Resources */ = {isa = PBXBuildFile; fileRef = 5C83B6D9207E638300E8BC31 /* LaunchScreen.storyboard */; };
		5CAB80802087DA9800D176A1 /* Screen2NavigationViewController.swift in Sources */ = {isa = PBXBuildFile; fileRef = 5CAB807F2087DA9800D176A1 /* Screen2NavigationViewController.swift */; };
		5CAB80822087DD7900D176A1 /* Screen3NavigationViewController.swift in Sources */ = {isa = PBXBuildFile; fileRef = 5CAB80812087DD7900D176A1 /* Screen3NavigationViewController.swift */; };
		5CD6A5C8208E3C7600ED6012 /* DataViewController.swift in Sources */ = {isa = PBXBuildFile; fileRef = 5CD6A5C7208E3C7600ED6012 /* DataViewController.swift */; };
		5CD6A5CA208E3DF500ED6012 /* DataEditViewController.swift in Sources */ = {isa = PBXBuildFile; fileRef = 5CD6A5C9208E3DF500ED6012 /* DataEditViewController.swift */; };
/* End PBXBuildFile section */

/* Begin PBXFileReference section */
		5C1812832090AFF2000A0EF7 /* TableExampleViewController.swift */ = {isa = PBXFileReference; lastKnownFileType = sourcecode.swift; path = TableExampleViewController.swift; sourceTree = "<group>"; };
		5C1812862090B590000A0EF7 /* TableViewExampleCell.xib */ = {isa = PBXFileReference; lastKnownFileType = file.xib; path = TableViewExampleCell.xib; sourceTree = "<group>"; };
		5C1812882090B630000A0EF7 /* TableViewExampleCell.swift */ = {isa = PBXFileReference; lastKnownFileType = sourcecode.swift; path = TableViewExampleCell.swift; sourceTree = "<group>"; };
		5C18128B2090C1CE000A0EF7 /* UITableViewExtensions.swift */ = {isa = PBXFileReference; lastKnownFileType = sourcecode.swift; path = UITableViewExtensions.swift; sourceTree = "<group>"; };
		5C4956E52085256100403338 /* MatrixTestableProtocol.swift */ = {isa = PBXFileReference; lastKnownFileType = sourcecode.swift; path = MatrixTestableProtocol.swift; sourceTree = "<group>"; };
		5C83B6CD207E638200E8BC31 /* PracticeExamples.app */ = {isa = PBXFileReference; explicitFileType = wrapper.application; includeInIndex = 0; path = PracticeExamples.app; sourceTree = BUILT_PRODUCTS_DIR; };
		5C83B6D0207E638300E8BC31 /* AppDelegate.swift */ = {isa = PBXFileReference; lastKnownFileType = sourcecode.swift; path = AppDelegate.swift; sourceTree = "<group>"; };
		5C83B6D2207E638300E8BC31 /* AutoLayoutViewController.swift */ = {isa = PBXFileReference; lastKnownFileType = sourcecode.swift; path = AutoLayoutViewController.swift; sourceTree = "<group>"; };
		5C83B6D5207E638300E8BC31 /* Base */ = {isa = PBXFileReference; lastKnownFileType = file.storyboard; name = Base; path = Base.lproj/Main.storyboard; sourceTree = "<group>"; };
		5C83B6D7207E638300E8BC31 /* Assets.xcassets */ = {isa = PBXFileReference; lastKnownFileType = folder.assetcatalog; path = Assets.xcassets; sourceTree = "<group>"; };
		5C83B6DA207E638300E8BC31 /* Base */ = {isa = PBXFileReference; lastKnownFileType = file.storyboard; name = Base; path = Base.lproj/LaunchScreen.storyboard; sourceTree = "<group>"; };
		5C83B6DC207E638300E8BC31 /* Info.plist */ = {isa = PBXFileReference; lastKnownFileType = text.plist.xml; path = Info.plist; sourceTree = "<group>"; };
		5CAB807F2087DA9800D176A1 /* Screen2NavigationViewController.swift */ = {isa = PBXFileReference; lastKnownFileType = sourcecode.swift; path = Screen2NavigationViewController.swift; sourceTree = "<group>"; };
		5CAB80812087DD7900D176A1 /* Screen3NavigationViewController.swift */ = {isa = PBXFileReference; lastKnownFileType = sourcecode.swift; path = Screen3NavigationViewController.swift; sourceTree = "<group>"; };
		5CD6A5C7208E3C7600ED6012 /* DataViewController.swift */ = {isa = PBXFileReference; lastKnownFileType = sourcecode.swift; path = DataViewController.swift; sourceTree = "<group>"; };
		5CD6A5C9208E3DF500ED6012 /* DataEditViewController.swift */ = {isa = PBXFileReference; lastKnownFileType = sourcecode.swift; path = DataEditViewController.swift; sourceTree = "<group>"; };
/* End PBXFileReference section */

/* Begin PBXFrameworksBuildPhase section */
		5C83B6CA207E638200E8BC31 /* Frameworks */ = {
			isa = PBXFrameworksBuildPhase;
			buildActionMask = 2147483647;
			files = (
			);
			runOnlyForDeploymentPostprocessing = 0;
		};
/* End PBXFrameworksBuildPhase section */

/* Begin PBXGroup section */
		5C1812852090B575000A0EF7 /* Views */ = {
			isa = PBXGroup;
			children = (
				5C1812862090B590000A0EF7 /* TableViewExampleCell.xib */,
				5C1812882090B630000A0EF7 /* TableViewExampleCell.swift */,
			);
			path = Views;
			sourceTree = "<group>";
		};
		5C18128A2090C18D000A0EF7 /* Extensions */ = {
			isa = PBXGroup;
			children = (
				5C18128B2090C1CE000A0EF7 /* UITableViewExtensions.swift */,
			);
			path = Extensions;
			sourceTree = "<group>";
		};
		5C4956E4208524F500403338 /* Matrix */ = {
			isa = PBXGroup;
			children = (
				5C4956E52085256100403338 /* MatrixTestableProtocol.swift */,
			);
			path = Matrix;
			sourceTree = "<group>";
		};
		5C83B6C4207E638200E8BC31 = {
			isa = PBXGroup;
			children = (
				5C83B6CF207E638200E8BC31 /* PracticeExamples */,
				5C83B6CE207E638200E8BC31 /* Products */,
			);
			sourceTree = "<group>";
		};
		5C83B6CE207E638200E8BC31 /* Products */ = {
			isa = PBXGroup;
			children = (
				5C83B6CD207E638200E8BC31 /* PracticeExamples.app */,
			);
			name = Products;
			sourceTree = "<group>";
		};
		5C83B6CF207E638200E8BC31 /* PracticeExamples */ = {
			isa = PBXGroup;
			children = (
				5C18128A2090C18D000A0EF7 /* Extensions */,
				5CAB807D2087DA3200D176A1 /* Controllers */,
				5C4956E4208524F500403338 /* Matrix */,
				5C1812852090B575000A0EF7 /* Views */,
				5C83B6D0207E638300E8BC31 /* AppDelegate.swift */,
				5C83B6D4207E638300E8BC31 /* Main.storyboard */,
				5C83B6D7207E638300E8BC31 /* Assets.xcassets */,
				5C83B6D9207E638300E8BC31 /* LaunchScreen.storyboard */,
				5C83B6DC207E638300E8BC31 /* Info.plist */,
			);
			path = PracticeExamples;
			sourceTree = "<group>";
		};
		5CAB807D2087DA3200D176A1 /* Controllers */ = {
			isa = PBXGroup;
			children = (
				5CD6A5C6208E3C5100ED6012 /* DataExamples */,
				5CAB807E2087DA6700D176A1 /* NavigationExamples */,
				5C83B6D2207E638300E8BC31 /* AutoLayoutViewController.swift */,
				5C1812832090AFF2000A0EF7 /* TableExampleViewController.swift */,
			);
			path = Controllers;
			sourceTree = "<group>";
		};
		5CAB807E2087DA6700D176A1 /* NavigationExamples */ = {
			isa = PBXGroup;
			children = (
				5CAB807F2087DA9800D176A1 /* Screen2NavigationViewController.swift */,
				5CAB80812087DD7900D176A1 /* Screen3NavigationViewController.swift */,
			);
			path = NavigationExamples;
			sourceTree = "<group>";
		};
		5CD6A5C6208E3C5100ED6012 /* DataExamples */ = {
			isa = PBXGroup;
			children = (
				5CD6A5C7208E3C7600ED6012 /* DataViewController.swift */,
				5CD6A5C9208E3DF500ED6012 /* DataEditViewController.swift */,
			);
			path = DataExamples;
			sourceTree = "<group>";
		};
/* End PBXGroup section */

/* Begin PBXNativeTarget section */
		5C83B6CC207E638200E8BC31 /* PracticeExamples */ = {
			isa = PBXNativeTarget;
			buildConfigurationList = 5C83B6DF207E638300E8BC31 /* Build configuration list for PBXNativeTarget "PracticeExamples" */;
			buildPhases = (
				5C83B6C9207E638200E8BC31 /* Sources */,
				5C83B6CA207E638200E8BC31 /* Frameworks */,
				5C83B6CB207E638200E8BC31 /* Resources */,
			);
			buildRules = (
			);
			dependencies = (
			);
			name = PracticeExamples;
			productName = ConstraintMovingPractice;
			productReference = 5C83B6CD207E638200E8BC31 /* PracticeExamples.app */;
			productType = "com.apple.product-type.application";
		};
/* End PBXNativeTarget section */

/* Begin PBXProject section */
		5C83B6C5207E638200E8BC31 /* Project object */ = {
			isa = PBXProject;
			attributes = {
				LastSwiftUpdateCheck = 0920;
				LastUpgradeCheck = 0920;
				ORGANIZATIONNAME = "Evgeny Karev";
				TargetAttributes = {
					5C83B6CC207E638200E8BC31 = {
						CreatedOnToolsVersion = 9.2;
						ProvisioningStyle = Automatic;
					};
				};
			};
			buildConfigurationList = 5C83B6C8207E638200E8BC31 /* Build configuration list for PBXProject "PracticeExamples" */;
			compatibilityVersion = "Xcode 8.0";
			developmentRegion = en;
			hasScannedForEncodings = 0;
			knownRegions = (
				en,
				Base,
			);
			mainGroup = 5C83B6C4207E638200E8BC31;
			productRefGroup = 5C83B6CE207E638200E8BC31 /* Products */;
			projectDirPath = "";
			projectRoot = "";
			targets = (
				5C83B6CC207E638200E8BC31 /* PracticeExamples */,
			);
		};
/* End PBXProject section */

/* Begin PBXResourcesBuildPhase section */
		5C83B6CB207E638200E8BC31 /* Resources */ = {
			isa = PBXResourcesBuildPhase;
			buildActionMask = 2147483647;
			files = (
				5C1812872090B590000A0EF7 /* TableViewExampleCell.xib in Resources */,
				5C83B6DB207E638300E8BC31 /* LaunchScreen.storyboard in Resources */,
				5C83B6D8207E638300E8BC31 /* Assets.xcassets in Resources */,
				5C83B6D6207E638300E8BC31 /* Main.storyboard in Resources */,
			);
			runOnlyForDeploymentPostprocessing = 0;
		};
/* End PBXResourcesBuildPhase section */

/* Begin PBXSourcesBuildPhase section */
		5C83B6C9207E638200E8BC31 /* Sources */ = {
			isa = PBXSourcesBuildPhase;
			buildActionMask = 2147483647;
			files = (
				5C4956E62085256100403338 /* MatrixTestableProtocol.swift in Sources */,
				5CD6A5CA208E3DF500ED6012 /* DataEditViewController.swift in Sources */,
				5C83B6D3207E638300E8BC31 /* AutoLayoutViewController.swift in Sources */,
				5CAB80822087DD7900D176A1 /* Screen3NavigationViewController.swift in Sources */,
				5C1812842090AFF2000A0EF7 /* TableExampleViewController.swift in Sources */,
				5CAB80802087DA9800D176A1 /* Screen2NavigationViewController.swift in Sources */,
				5CD6A5C8208E3C7600ED6012 /* DataViewController.swift in Sources */,
				5C83B6D1207E638300E8BC31 /* AppDelegate.swift in Sources */,
				5C1812892090B630000A0EF7 /* TableViewExampleCell.swift in Sources */,
				5C18128C2090C1CE000A0EF7 /* UITableViewExtensions.swift in Sources */,
			);
			runOnlyForDeploymentPostprocessing = 0;
		};
/* End PBXSourcesBuildPhase section */

/* Begin PBXVariantGroup section */
		5C83B6D4207E638300E8BC31 /* Main.storyboard */ = {
			isa = PBXVariantGroup;
			children = (
				5C83B6D5207E638300E8BC31 /* Base */,
			);
			name = Main.storyboard;
			sourceTree = "<group>";
		};
		5C83B6D9207E638300E8BC31 /* LaunchScreen.storyboard */ = {
			isa = PBXVariantGroup;
			children = (
				5C83B6DA207E638300E8BC31 /* Base */,
			);
			name = LaunchScreen.storyboard;
			sourceTree = "<group>";
		};
/* End PBXVariantGroup section */

/* Begin XCBuildConfiguration section */
		5C83B6DD207E638300E8BC31 /* Debug */ = {
			isa = XCBuildConfiguration;
			buildSettings = {
				ALWAYS_SEARCH_USER_PATHS = NO;
				CLANG_ANALYZER_NONNULL = YES;
				CLANG_ANALYZER_NUMBER_OBJECT_CONVERSION = YES_AGGRESSIVE;
				CLANG_CXX_LANGUAGE_STANDARD = "gnu++14";
				CLANG_CXX_LIBRARY = "libc++";
				CLANG_ENABLE_MODULES = YES;
				CLANG_ENABLE_OBJC_ARC = YES;
				CLANG_WARN_BLOCK_CAPTURE_AUTORELEASING = YES;
				CLANG_WARN_BOOL_CONVERSION = YES;
				CLANG_WARN_COMMA = YES;
				CLANG_WARN_CONSTANT_CONVERSION = YES;
				CLANG_WARN_DIRECT_OBJC_ISA_USAGE = YES_ERROR;
				CLANG_WARN_DOCUMENTATION_COMMENTS = YES;
				CLANG_WARN_EMPTY_BODY = YES;
				CLANG_WARN_ENUM_CONVERSION = YES;
				CLANG_WARN_INFINITE_RECURSION = YES;
				CLANG_WARN_INT_CONVERSION = YES;
				CLANG_WARN_NON_LITERAL_NULL_CONVERSION = YES;
				CLANG_WARN_OBJC_LITERAL_CONVERSION = YES;
				CLANG_WARN_OBJC_ROOT_CLASS = YES_ERROR;
				CLANG_WARN_RANGE_LOOP_ANALYSIS = YES;
				CLANG_WARN_STRICT_PROTOTYPES = YES;
				CLANG_WARN_SUSPICIOUS_MOVE = YES;
				CLANG_WARN_UNGUARDED_AVAILABILITY = YES_AGGRESSIVE;
				CLANG_WARN_UNREACHABLE_CODE = YES;
				CLANG_WARN__DUPLICATE_METHOD_MATCH = YES;
				CODE_SIGN_IDENTITY = "iPhone Developer";
				COPY_PHASE_STRIP = NO;
				DEBUG_INFORMATION_FORMAT = dwarf;
				ENABLE_STRICT_OBJC_MSGSEND = YES;
				ENABLE_TESTABILITY = YES;
				GCC_C_LANGUAGE_STANDARD = gnu11;
				GCC_DYNAMIC_NO_PIC = NO;
				GCC_NO_COMMON_BLOCKS = YES;
				GCC_OPTIMIZATION_LEVEL = 0;
				GCC_PREPROCESSOR_DEFINITIONS = (
					"DEBUG=1",
					"$(inherited)",
				);
				GCC_WARN_64_TO_32_BIT_CONVERSION = YES;
				GCC_WARN_ABOUT_RETURN_TYPE = YES_ERROR;
				GCC_WARN_UNDECLARED_SELECTOR = YES;
				GCC_WARN_UNINITIALIZED_AUTOS = YES_AGGRESSIVE;
				GCC_WARN_UNUSED_FUNCTION = YES;
				GCC_WARN_UNUSED_VARIABLE = YES;
				IPHONEOS_DEPLOYMENT_TARGET = 11.2;
				MTL_ENABLE_DEBUG_INFO = YES;
				ONLY_ACTIVE_ARCH = YES;
				SDKROOT = iphoneos;
				SWIFT_ACTIVE_COMPILATION_CONDITIONS = DEBUG;
				SWIFT_OPTIMIZATION_LEVEL = "-Onone";
			};
			name = Debug;
		};
		5C83B6DE207E638300E8BC31 /* Release */ = {
			isa = XCBuildConfiguration;
			buildSettings = {
				ALWAYS_SEARCH_USER_PATHS = NO;
				CLANG_ANALYZER_NONNULL = YES;
				CLANG_ANALYZER_NUMBER_OBJECT_CONVERSION = YES_AGGRESSIVE;
				CLANG_CXX_LANGUAGE_STANDARD = "gnu++14";
				CLANG_CXX_LIBRARY = "libc++";
				CLANG_ENABLE_MODULES = YES;
				CLANG_ENABLE_OBJC_ARC = YES;
				CLANG_WARN_BLOCK_CAPTURE_AUTORELEASING = YES;
				CLANG_WARN_BOOL_CONVERSION = YES;
				CLANG_WARN_COMMA = YES;
				CLANG_WARN_CONSTANT_CONVERSION = YES;
				CLANG_WARN_DIRECT_OBJC_ISA_USAGE = YES_ERROR;
				CLANG_WARN_DOCUMENTATION_COMMENTS = YES;
				CLANG_WARN_EMPTY_BODY = YES;
				CLANG_WARN_ENUM_CONVERSION = YES;
				CLANG_WARN_INFINITE_RECURSION = YES;
				CLANG_WARN_INT_CONVERSION = YES;
				CLANG_WARN_NON_LITERAL_NULL_CONVERSION = YES;
				CLANG_WARN_OBJC_LITERAL_CONVERSION = YES;
				CLANG_WARN_OBJC_ROOT_CLASS = YES_ERROR;
				CLANG_WARN_RANGE_LOOP_ANALYSIS = YES;
				CLANG_WARN_STRICT_PROTOTYPES = YES;
				CLANG_WARN_SUSPICIOUS_MOVE = YES;
				CLANG_WARN_UNGUARDED_AVAILABILITY = YES_AGGRESSIVE;
				CLANG_WARN_UNREACHABLE_CODE = YES;
				CLANG_WARN__DUPLICATE_METHOD_MATCH = YES;
				CODE_SIGN_IDENTITY = "iPhone Developer";
				COPY_PHASE_STRIP = NO;
				DEBUG_INFORMATION_FORMAT = "dwarf-with-dsym";
				ENABLE_NS_ASSERTIONS = NO;
				ENABLE_STRICT_OBJC_MSGSEND = YES;
				GCC_C_LANGUAGE_STANDARD = gnu11;
				GCC_NO_COMMON_BLOCKS = YES;
				GCC_WARN_64_TO_32_BIT_CONVERSION = YES;
				GCC_WARN_ABOUT_RETURN_TYPE = YES_ERROR;
				GCC_WARN_UNDECLARED_SELECTOR = YES;
				GCC_WARN_UNINITIALIZED_AUTOS = YES_AGGRESSIVE;
				GCC_WARN_UNUSED_FUNCTION = YES;
				GCC_WARN_UNUSED_VARIABLE = YES;
				IPHONEOS_DEPLOYMENT_TARGET = 11.2;
				MTL_ENABLE_DEBUG_INFO = NO;
				SDKROOT = iphoneos;
				SWIFT_OPTIMIZATION_LEVEL = "-Owholemodule";
				VALIDATE_PRODUCT = YES;
			};
			name = Release;
		};
		5C83B6E0207E638300E8BC31 /* Debug */ = {
			isa = XCBuildConfiguration;
			buildSettings = {
				ASSETCATALOG_COMPILER_APPICON_NAME = AppIcon;
				CODE_SIGN_STYLE = Automatic;
				DEVELOPMENT_TEAM = S984SXS3FA;
				INFOPLIST_FILE = PracticeExamples/Info.plist;
				IPHONEOS_DEPLOYMENT_TARGET = 8.0;
				LD_RUNPATH_SEARCH_PATHS = "$(inherited) @executable_path/Frameworks";
				PRODUCT_BUNDLE_IDENTIFIER = "Evgeny-Karev.PracticeExamples";
				PRODUCT_NAME = "$(TARGET_NAME)";
				SWIFT_VERSION = 3.0;
				TARGETED_DEVICE_FAMILY = "1,2";
			};
			name = Debug;
		};
		5C83B6E1207E638300E8BC31 /* Release */ = {
			isa = XCBuildConfiguration;
			buildSettings = {
				ASSETCATALOG_COMPILER_APPICON_NAME = AppIcon;
				CODE_SIGN_STYLE = Automatic;
				DEVELOPMENT_TEAM = S984SXS3FA;
				INFOPLIST_FILE = PracticeExamples/Info.plist;
				IPHONEOS_DEPLOYMENT_TARGET = 8.0;
				LD_RUNPATH_SEARCH_PATHS = "$(inherited) @executable_path/Frameworks";
				PRODUCT_BUNDLE_IDENTIFIER = "Evgeny-Karev.PracticeExamples";
				PRODUCT_NAME = "$(TARGET_NAME)";
				SWIFT_VERSION = 3.0;
				TARGETED_DEVICE_FAMILY = "1,2";
			};
			name = Release;
		};
/* End XCBuildConfiguration section */

/* Begin XCConfigurationList section */
		5C83B6C8207E638200E8BC31 /* Build configuration list for PBXProject "PracticeExamples" */ = {
			isa = XCConfigurationList;
			buildConfigurations = (
				5C83B6DD207E638300E8BC31 /* Debug */,
				5C83B6DE207E638300E8BC31 /* Release */,
			);
			defaultConfigurationIsVisible = 0;
			defaultConfigurationName = Release;
		};
		5C83B6DF207E638300E8BC31 /* Build configuration list for PBXNativeTarget "PracticeExamples" */ = {
			isa = XCConfigurationList;
			buildConfigurations = (
				5C83B6E0207E638300E8BC31 /* Debug */,
				5C83B6E1207E638300E8BC31 /* Release */,
			);
			defaultConfigurationIsVisible = 0;
			defaultConfigurationName = Release;
		};
/* End XCConfigurationList section */
	};
	rootObject = 5C83B6C5207E638200E8BC31 /* Project object */;
}
